
Microsoft Visual Studio Solution File, Format Version 12.00
# Visual Studio Version 16
VisualStudioVersion = 16.0.30413.136
MinimumVisualStudioVersion = 10.0.40219.1
Project("{9A19103F-16F7-4668-BE54-9A1E7A4F7556}") = "FormulaEvaluator", "FormulaEvaluator\FormulaEvaluator.csproj", "{40780139-16DD-4A13-9073-E08CFD549C9F}"
EndProject
Project("{FAE04EC0-301F-11D3-BF4B-00C04F79EFBC}") = "Playground", "Playground\Playground.csproj", "{5BFF1A1D-0EFE-4A22-867D-05361D0A5D82}"
EndProject
Project("{FAE04EC0-301F-11D3-BF4B-00C04F79EFBC}") = "FormulaEvaluatorTest", "FormulaEvaluatorTest\FormulaEvaluatorTest.csproj", "{139C003A-D21D-450F-8AF5-88A709EACB6F}"
EndProject
Global
	GlobalSection(SolutionConfigurationPlatforms) = preSolution
		Debug|Any CPU = Debug|Any CPU
		Release|Any CPU = Release|Any CPU
	EndGlobalSection
	GlobalSection(ProjectConfigurationPlatforms) = postSolution
		{40780139-16DD-4A13-9073-E08CFD549C9F}.Debug|Any CPU.ActiveCfg = Debug|Any CPU
		{40780139-16DD-4A13-9073-E08CFD549C9F}.Debug|Any CPU.Build.0 = Debug|Any CPU
		{40780139-16DD-4A13-9073-E08CFD549C9F}.Release|Any CPU.ActiveCfg = Release|Any CPU
		{40780139-16DD-4A13-9073-E08CFD549C9F}.Release|Any CPU.Build.0 = Release|Any CPU
		{5BFF1A1D-0EFE-4A22-867D-05361D0A5D82}.Debug|Any CPU.ActiveCfg = Debug|Any CPU
		{5BFF1A1D-0EFE-4A22-867D-05361D0A5D82}.Debug|Any CPU.Build.0 = Debug|Any CPU
		{5BFF1A1D-0EFE-4A22-867D-05361D0A5D82}.Release|Any CPU.ActiveCfg = Release|Any CPU
		{5BFF1A1D-0EFE-4A22-867D-05361D0A5D82}.Release|Any CPU.Build.0 = Release|Any CPU
		{139C003A-D21D-450F-8AF5-88A709EACB6F}.Debug|Any CPU.ActiveCfg = Debug|Any CPU
		{139C003A-D21D-450F-8AF5-88A709EACB6F}.Debug|Any CPU.Build.0 = Debug|Any CPU
		{139C003A-D21D-450F-8AF5-88A709EACB6F}.Release|Any CPU.ActiveCfg = Release|Any CPU
		{139C003A-D21D-450F-8AF5-88A709EACB6F}.Release|Any CPU.Build.0 = Release|Any CPU
	EndGlobalSection
	GlobalSection(SolutionProperties) = preSolution
		HideSolutionNode = FALSE
	EndGlobalSection
	GlobalSection(ExtensibilityGlobals) = postSolution
		SolutionGuid = {DCEBDDEE-1A2A-4BE4-BA94-811C675FA9F7}
	EndGlobalSection
EndGlobal
